
Microsoft Visual Studio Solution File, Format Version 12.00
# Visual Studio Version 17
VisualStudioVersion = 17.2.32630.192
MinimumVisualStudioVersion = 10.0.40219.1
Project("{9A19103F-16F7-4668-BE54-9A1E7A4F7556}") = "goodfood-user", "goodfood-user\goodfood-user.csproj", "{080E60A6-101C-4DB1-A337-0E017CD2A483}"
EndProject
Global
	GlobalSection(SolutionConfigurationPlatforms) = preSolution
		Debug|Any CPU = Debug|Any CPU
		Release|Any CPU = Release|Any CPU
	EndGlobalSection
	GlobalSection(ProjectConfigurationPlatforms) = postSolution
		{080E60A6-101C-4DB1-A337-0E017CD2A483}.Debug|Any CPU.ActiveCfg = Debug|Any CPU
		{080E60A6-101C-4DB1-A337-0E017CD2A483}.Debug|Any CPU.Build.0 = Debug|Any CPU
		{080E60A6-101C-4DB1-A337-0E017CD2A483}.Release|Any CPU.ActiveCfg = Release|Any CPU
		{080E60A6-101C-4DB1-A337-0E017CD2A483}.Release|Any CPU.Build.0 = Release|Any CPU
	EndGlobalSection
	GlobalSection(SolutionProperties) = preSolution
		HideSolutionNode = FALSE
	EndGlobalSection
	GlobalSection(ExtensibilityGlobals) = postSolution
		SolutionGuid = {9D87BA26-32DB-41C0-B903-D628009E581C}
	EndGlobalSection
EndGlobal
